// !$*UTF8*$!
{
	archiveVersion = 1;
	classes = {
	};
	objectVersion = 56;
	objects = {

/* Begin PBXBuildFile section */
		CF6A6ED42DEF092B009D9728 /* StickyBannerWrapper.swift in Sources */ = {isa = PBXBuildFile; fileRef = CF6A6ED32DEF092B009D9728 /* StickyBannerWrapper.swift */; };
		CF7F14062F4EFF4600EEDF7A /* AppMetricaCore.framework in Frameworks */ = {isa = PBXBuildFile; fileRef = CF7F13E92F4EFF4600EEDF7A /* AppMetricaCore.framework */; };
		CF7F14082F4EFF4600EEDF7A /* AppMetricaCoreExtension.framework in Frameworks */ = {isa = PBXBuildFile; fileRef = CF7F13EA2F4EFF4600EEDF7A /* AppMetricaCoreExtension.framework */; };
		CF7F140A2F4EFF4600EEDF7A /* AppMetricaCoreUtils.framework in Frameworks */ = {isa = PBXBuildFile; fileRef = CF7F13EB2F4EFF4600EEDF7A /* AppMetricaCoreUtils.framework */; };
		CF7F140C2F4EFF4600EEDF7A /* AppMetricaCrashes.framework in Frameworks */ = {isa = PBXBuildFile; fileRef = CF7F13EC2F4EFF4600EEDF7A /* AppMetricaCrashes.framework */; };
		CF7F140E2F4EFF4600EEDF7A /* AppMetricaEncodingUtils.framework in Frameworks */ = {isa = PBXBuildFile; fileRef = CF7F13ED2F4EFF4600EEDF7A /* AppMetricaEncodingUtils.framework */; };
		CF7F14102F4EFF4600EEDF7A /* AppMetricaFMDB.framework in Frameworks */ = {isa = PBXBuildFile; fileRef = CF7F13EE2F4EFF4600EEDF7A /* AppMetricaFMDB.framework */; };
		CF7F14122F4EFF4600EEDF7A /* AppMetricaHostState.framework in Frameworks */ = {isa = PBXBuildFile; fileRef = CF7F13EF2F4EFF4600EEDF7A /* AppMetricaHostState.framework */; };
		CF7F14142F4EFF4600EEDF7A /* AppMetricaIdentifiers.framework in Frameworks */ = {isa = PBXBuildFile; fileRef = CF7F13F02F4EFF4600EEDF7A /* AppMetricaIdentifiers.framework */; };
		CF7F14162F4EFF4600EEDF7A /* AppMetricaKeychain.framework in Frameworks */ = {isa = PBXBuildFile; fileRef = CF7F13F12F4EFF4600EEDF7A /* AppMetricaKeychain.framework */; };
		CF7F14182F4EFF4600EEDF7A /* AppMetricaLibraryAdapter.framework in Frameworks */ = {isa = PBXBuildFile; fileRef = CF7F13F22F4EFF4600EEDF7A /* AppMetricaLibraryAdapter.framework */; };
		CF7F141A2F4EFF4600EEDF7A /* AppMetricaLog.framework in Frameworks */ = {isa = PBXBuildFile; fileRef = CF7F13F32F4EFF4600EEDF7A /* AppMetricaLog.framework */; };
		CF7F141C2F4EFF4600EEDF7A /* AppMetricaLogSwift.framework in Frameworks */ = {isa = PBXBuildFile; fileRef = CF7F13F42F4EFF4600EEDF7A /* AppMetricaLogSwift.framework */; };
		CF7F141E2F4EFF4600EEDF7A /* AppMetricaNetwork.framework in Frameworks */ = {isa = PBXBuildFile; fileRef = CF7F13F52F4EFF4600EEDF7A /* AppMetricaNetwork.framework */; };
		CF7F14202F4EFF4600EEDF7A /* AppMetricaPlatform.framework in Frameworks */ = {isa = PBXBuildFile; fileRef = CF7F13F62F4EFF4600EEDF7A /* AppMetricaPlatform.framework */; };
		CF7F14222F4EFF4600EEDF7A /* AppMetricaProtobuf.framework in Frameworks */ = {isa = PBXBuildFile; fileRef = CF7F13F72F4EFF4600EEDF7A /* AppMetricaProtobuf.framework */; };
		CF7F14242F4EFF4600EEDF7A /* AppMetricaProtobufUtils.framework in Frameworks */ = {isa = PBXBuildFile; fileRef = CF7F13F82F4EFF4600EEDF7A /* AppMetricaProtobufUtils.framework */; };
		CF7F14262F4EFF4600EEDF7A /* AppMetricaStorageUtils.framework in Frameworks */ = {isa = PBXBuildFile; fileRef = CF7F13F92F4EFF4600EEDF7A /* AppMetricaStorageUtils.framework */; };
		CF7F14282F4EFF4600EEDF7A /* AppMetricaSynchronization.framework in Frameworks */ = {isa = PBXBuildFile; fileRef = CF7F13FA2F4EFF4600EEDF7A /* AppMetricaSynchronization.framework */; };
		CF7F142A2F4EFF4600EEDF7A /* DivKit.framework in Frameworks */ = {isa = PBXBuildFile; fileRef = CF7F13FB2F4EFF4600EEDF7A /* DivKit.framework */; };
		CF7F142C2F4EFF4600EEDF7A /* DivKitBinaryCompatibilityFacade.framework in Frameworks */ = {isa = PBXBuildFile; fileRef = CF7F13FC2F4EFF4600EEDF7A /* DivKitBinaryCompatibilityFacade.framework */; };
		CF7F142E2F4EFF4600EEDF7A /* KSCrash.framework in Frameworks */ = {isa = PBXBuildFile; fileRef = CF7F13FD2F4EFF4600EEDF7A /* KSCrash.framework */; };
		CF7F14302F4EFF4600EEDF7A /* LayoutKit.framework in Frameworks */ = {isa = PBXBuildFile; fileRef = CF7F13FE2F4EFF4600EEDF7A /* LayoutKit.framework */; };
		CF7F14322F4EFF4600EEDF7A /* LayoutKitInterface.framework in Frameworks */ = {isa = PBXBuildFile; fileRef = CF7F13FF2F4EFF4600EEDF7A /* LayoutKitInterface.framework */; };
		CF7F14342F4EFF4600EEDF7A /* Pods_YandexMobileAdsProxy.framework in Frameworks */ = {isa = PBXBuildFile; fileRef = CF7F14002F4EFF4600EEDF7A /* Pods_YandexMobileAdsProxy.framework */; };
		CF7F14362F4EFF4600EEDF7A /* Serialization.framework in Frameworks */ = {isa = PBXBuildFile; fileRef = CF7F14012F4EFF4600EEDF7A /* Serialization.framework */; };
		CF7F14382F4EFF4600EEDF7A /* VGSL.framework in Frameworks */ = {isa = PBXBuildFile; fileRef = CF7F14022F4EFF4600EEDF7A /* VGSL.framework */; };
		CF7F143A2F4EFF4600EEDF7A /* VGSLFundamentals.framework in Frameworks */ = {isa = PBXBuildFile; fileRef = CF7F14032F4EFF4600EEDF7A /* VGSLFundamentals.framework */; };
		CF7F143C2F4EFF4600EEDF7A /* VGSLNetworking.framework in Frameworks */ = {isa = PBXBuildFile; fileRef = CF7F14042F4EFF4600EEDF7A /* VGSLNetworking.framework */; };
		CF7F143E2F4EFF4600EEDF7A /* VGSLUI.framework in Frameworks */ = {isa = PBXBuildFile; fileRef = CF7F14052F4EFF4600EEDF7A /* VGSLUI.framework */; };
		CF7F14422F4F2D8300EEDF7A /* AppMetricaCrashes.framework in Frameworks */ = {isa = PBXBuildFile; fileRef = CF7F14412F4F2D8300EEDF7A /* AppMetricaCrashes.framework */; };
		CFD0E2CE2DDF14B1001BE13B /* InlineBannerWrapper.swift in Sources */ = {isa = PBXBuildFile; fileRef = CFD0E2CD2DDF14B1001BE13B /* InlineBannerWrapper.swift */; };
		CFF891322DD4F2BD00E55C85 /* YandexMobileAdsProxy.h in Headers */ = {isa = PBXBuildFile; fileRef = CFF891302DD4F2BD00E55C85 /* YandexMobileAdsProxy.h */; settings = {ATTRIBUTES = (Public, ); }; };
		CFF891362DD4F37A00E55C85 /* MobileAdsWrapper.swift in Sources */ = {isa = PBXBuildFile; fileRef = CFF891352DD4F37A00E55C85 /* MobileAdsWrapper.swift */; };
		E19455F3408C7544490C4B03 /* Pods_YandexMobileAdsProxy.framework in Frameworks */ = {isa = PBXBuildFile; fileRef = A0D43B49FACA6EB5F62FE062 /* Pods_YandexMobileAdsProxy.framework */; };
/* End PBXBuildFile section */

/* Begin PBXFileReference section */
		7BEA08059C096864A6B66322 /* Pods-YandexMobileAdsProxy.debug.xcconfig */ = {isa = PBXFileReference; includeInIndex = 1; lastKnownFileType = text.xcconfig; name = "Pods-YandexMobileAdsProxy.debug.xcconfig"; path = "Target Support Files/Pods-YandexMobileAdsProxy/Pods-YandexMobileAdsProxy.debug.xcconfig"; sourceTree = "<group>"; };
		A0D43B49FACA6EB5F62FE062 /* Pods_YandexMobileAdsProxy.framework */ = {isa = PBXFileReference; explicitFileType = wrapper.framework; includeInIndex = 0; path = Pods_YandexMobileAdsProxy.framework; sourceTree = BUILT_PRODUCTS_DIR; };
		C064A150BA5A1F558D6341EF /* Pods-YandexMobileAdsProxy.release.xcconfig */ = {isa = PBXFileReference; includeInIndex = 1; lastKnownFileType = text.xcconfig; name = "Pods-YandexMobileAdsProxy.release.xcconfig"; path = "Target Support Files/Pods-YandexMobileAdsProxy/Pods-YandexMobileAdsProxy.release.xcconfig"; sourceTree = "<group>"; };
		CF6A6ED32DEF092B009D9728 /* StickyBannerWrapper.swift */ = {isa = PBXFileReference; lastKnownFileType = sourcecode.swift; path = StickyBannerWrapper.swift; sourceTree = "<group>"; };
		CF7F13E92F4EFF4600EEDF7A /* AppMetricaCore.framework */ = {isa = PBXFileReference; explicitFileType = wrapper.framework; path = AppMetricaCore.framework; sourceTree = BUILT_PRODUCTS_DIR; };
		CF7F13EA2F4EFF4600EEDF7A /* AppMetricaCoreExtension.framework */ = {isa = PBXFileReference; explicitFileType = wrapper.framework; path = AppMetricaCoreExtension.framework; sourceTree = BUILT_PRODUCTS_DIR; };
		CF7F13EB2F4EFF4600EEDF7A /* AppMetricaCoreUtils.framework */ = {isa = PBXFileReference; explicitFileType = wrapper.framework; path = AppMetricaCoreUtils.framework; sourceTree = BUILT_PRODUCTS_DIR; };
		CF7F13EC2F4EFF4600EEDF7A /* AppMetricaCrashes.framework */ = {isa = PBXFileReference; explicitFileType = wrapper.framework; path = AppMetricaCrashes.framework; sourceTree = BUILT_PRODUCTS_DIR; };
		CF7F13ED2F4EFF4600EEDF7A /* AppMetricaEncodingUtils.framework */ = {isa = PBXFileReference; explicitFileType = wrapper.framework; path = AppMetricaEncodingUtils.framework; sourceTree = BUILT_PRODUCTS_DIR; };
		CF7F13EE2F4EFF4600EEDF7A /* AppMetricaFMDB.framework */ = {isa = PBXFileReference; explicitFileType = wrapper.framework; path = AppMetricaFMDB.framework; sourceTree = BUILT_PRODUCTS_DIR; };
		CF7F13EF2F4EFF4600EEDF7A /* AppMetricaHostState.framework */ = {isa = PBXFileReference; explicitFileType = wrapper.framework; path = AppMetricaHostState.framework; sourceTree = BUILT_PRODUCTS_DIR; };
		CF7F13F02F4EFF4600EEDF7A /* AppMetricaIdentifiers.framework */ = {isa = PBXFileReference; explicitFileType = wrapper.framework; path = AppMetricaIdentifiers.framework; sourceTree = BUILT_PRODUCTS_DIR; };
		CF7F13F12F4EFF4600EEDF7A /* AppMetricaKeychain.framework */ = {isa = PBXFileReference; explicitFileType = wrapper.framework; path = AppMetricaKeychain.framework; sourceTree = BUILT_PRODUCTS_DIR; };
		CF7F13F22F4EFF4600EEDF7A /* AppMetricaLibraryAdapter.framework */ = {isa = PBXFileReference; explicitFileType = wrapper.framework; path = AppMetricaLibraryAdapter.framework; sourceTree = BUILT_PRODUCTS_DIR; };
		CF7F13F32F4EFF4600EEDF7A /* AppMetricaLog.framework */ = {isa = PBXFileReference; explicitFileType = wrapper.framework; path = AppMetricaLog.framework; sourceTree = BUILT_PRODUCTS_DIR; };
		CF7F13F42F4EFF4600EEDF7A /* AppMetricaLogSwift.framework */ = {isa = PBXFileReference; explicitFileType = wrapper.framework; path = AppMetricaLogSwift.framework; sourceTree = BUILT_PRODUCTS_DIR; };
		CF7F13F52F4EFF4600EEDF7A /* AppMetricaNetwork.framework */ = {isa = PBXFileReference; explicitFileType = wrapper.framework; path = AppMetricaNetwork.framework; sourceTree = BUILT_PRODUCTS_DIR; };
		CF7F13F62F4EFF4600EEDF7A /* AppMetricaPlatform.framework */ = {isa = PBXFileReference; explicitFileType = wrapper.framework; path = AppMetricaPlatform.framework; sourceTree = BUILT_PRODUCTS_DIR; };
		CF7F13F72F4EFF4600EEDF7A /* AppMetricaProtobuf.framework */ = {isa = PBXFileReference; explicitFileType = wrapper.framework; path = AppMetricaProtobuf.framework; sourceTree = BUILT_PRODUCTS_DIR; };
		CF7F13F82F4EFF4600EEDF7A /* AppMetricaProtobufUtils.framework */ = {isa = PBXFileReference; explicitFileType = wrapper.framework; path = AppMetricaProtobufUtils.framework; sourceTree = BUILT_PRODUCTS_DIR; };
		CF7F13F92F4EFF4600EEDF7A /* AppMetricaStorageUtils.framework */ = {isa = PBXFileReference; explicitFileType = wrapper.framework; path = AppMetricaStorageUtils.framework; sourceTree = BUILT_PRODUCTS_DIR; };
		CF7F13FA2F4EFF4600EEDF7A /* AppMetricaSynchronization.framework */ = {isa = PBXFileReference; explicitFileType = wrapper.framework; path = AppMetricaSynchronization.framework; sourceTree = BUILT_PRODUCTS_DIR; };
		CF7F13FB2F4EFF4600EEDF7A /* DivKit.framework */ = {isa = PBXFileReference; explicitFileType = wrapper.framework; path = DivKit.framework; sourceTree = BUILT_PRODUCTS_DIR; };
		CF7F13FC2F4EFF4600EEDF7A /* DivKitBinaryCompatibilityFacade.framework */ = {isa = PBXFileReference; explicitFileType = wrapper.framework; path = DivKitBinaryCompatibilityFacade.framework; sourceTree = BUILT_PRODUCTS_DIR; };
		CF7F13FD2F4EFF4600EEDF7A /* KSCrash.framework */ = {isa = PBXFileReference; explicitFileType = wrapper.framework; path = KSCrash.framework; sourceTree = BUILT_PRODUCTS_DIR; };
		CF7F13FE2F4EFF4600EEDF7A /* LayoutKit.framework */ = {isa = PBXFileReference; explicitFileType = wrapper.framework; path = LayoutKit.framework; sourceTree = BUILT_PRODUCTS_DIR; };
		CF7F13FF2F4EFF4600EEDF7A /* LayoutKitInterface.framework */ = {isa = PBXFileReference; explicitFileType = wrapper.framework; path = LayoutKitInterface.framework; sourceTree = BUILT_PRODUCTS_DIR; };
		CF7F14002F4EFF4600EEDF7A /* Pods_YandexMobileAdsProxy.framework */ = {isa = PBXFileReference; explicitFileType = wrapper.framework; path = Pods_YandexMobileAdsProxy.framework; sourceTree = BUILT_PRODUCTS_DIR; };
		CF7F14012F4EFF4600EEDF7A /* Serialization.framework */ = {isa = PBXFileReference; explicitFileType = wrapper.framework; path = Serialization.framework; sourceTree = BUILT_PRODUCTS_DIR; };
		CF7F14022F4EFF4600EEDF7A /* VGSL.framework */ = {isa = PBXFileReference; explicitFileType = wrapper.framework; path = VGSL.framework; sourceTree = BUILT_PRODUCTS_DIR; };
		CF7F14032F4EFF4600EEDF7A /* VGSLFundamentals.framework */ = {isa = PBXFileReference; explicitFileType = wrapper.framework; path = VGSLFundamentals.framework; sourceTree = BUILT_PRODUCTS_DIR; };
		CF7F14042F4EFF4600EEDF7A /* VGSLNetworking.framework */ = {isa = PBXFileReference; explicitFileType = wrapper.framework; path = VGSLNetworking.framework; sourceTree = BUILT_PRODUCTS_DIR; };
		CF7F14052F4EFF4600EEDF7A /* VGSLUI.framework */ = {isa = PBXFileReference; explicitFileType = wrapper.framework; path = VGSLUI.framework; sourceTree = BUILT_PRODUCTS_DIR; };
		CF7F14412F4F2D8300EEDF7A /* AppMetricaCrashes.framework */ = {isa = PBXFileReference; explicitFileType = wrapper.framework; path = AppMetricaCrashes.framework; sourceTree = BUILT_PRODUCTS_DIR; };
		CFD0E2CD2DDF14B1001BE13B /* InlineBannerWrapper.swift */ = {isa = PBXFileReference; lastKnownFileType = sourcecode.swift; path = InlineBannerWrapper.swift; sourceTree = "<group>"; };
		CFF891252DD4F2B600E55C85 /* YandexMobileAdsProxy.framework */ = {isa = PBXFileReference; explicitFileType = wrapper.framework; includeInIndex = 0; path = YandexMobileAdsProxy.framework; sourceTree = BUILT_PRODUCTS_DIR; };
		CFF891302DD4F2BD00E55C85 /* YandexMobileAdsProxy.h */ = {isa = PBXFileReference; lastKnownFileType = sourcecode.c.h; path = YandexMobileAdsProxy.h; sourceTree = "<group>"; };
		CFF891352DD4F37A00E55C85 /* MobileAdsWrapper.swift */ = {isa = PBXFileReference; lastKnownFileType = sourcecode.swift; path = MobileAdsWrapper.swift; sourceTree = "<group>"; };
/* End PBXFileReference section */

/* Begin PBXFrameworksBuildPhase section */
		CFF891222DD4F2B600E55C85 /* Frameworks */ = {
			isa = PBXFrameworksBuildPhase;
			buildActionMask = 2147483647;
			files = (
				E19455F3408C7544490C4B03 /* Pods_YandexMobileAdsProxy.framework in Frameworks */,
				CF7F140A2F4EFF4600EEDF7A /* AppMetricaCoreUtils.framework in Frameworks */,
				CF7F14162F4EFF4600EEDF7A /* AppMetricaKeychain.framework in Frameworks */,
				CF7F14362F4EFF4600EEDF7A /* Serialization.framework in Frameworks */,
				CF7F143A2F4EFF4600EEDF7A /* VGSLFundamentals.framework in Frameworks */,
				CF7F14422F4F2D8300EEDF7A /* AppMetricaCrashes.framework in Frameworks */,
				CF7F140C2F4EFF4600EEDF7A /* AppMetricaCrashes.framework in Frameworks */,
				CF7F14082F4EFF4600EEDF7A /* AppMetricaCoreExtension.framework in Frameworks */,
				CF7F142C2F4EFF4600EEDF7A /* DivKitBinaryCompatibilityFacade.framework in Frameworks */,
				CF7F14102F4EFF4600EEDF7A /* AppMetricaFMDB.framework in Frameworks */,
				CF7F14322F4EFF4600EEDF7A /* LayoutKitInterface.framework in Frameworks */,
				CF7F14382F4EFF4600EEDF7A /* VGSL.framework in Frameworks */,
				CF7F14282F4EFF4600EEDF7A /* AppMetricaSynchronization.framework in Frameworks */,
				CF7F143C2F4EFF4600EEDF7A /* VGSLNetworking.framework in Frameworks */,
				CF7F142A2F4EFF4600EEDF7A /* DivKit.framework in Frameworks */,
				CF7F141C2F4EFF4600EEDF7A /* AppMetricaLogSwift.framework in Frameworks */,
				CF7F142E2F4EFF4600EEDF7A /* KSCrash.framework in Frameworks */,
				CF7F14342F4EFF4600EEDF7A /* Pods_YandexMobileAdsProxy.framework in Frameworks */,
				CF7F14062F4EFF4600EEDF7A /* AppMetricaCore.framework in Frameworks */,
				CF7F14262F4EFF4600EEDF7A /* AppMetricaStorageUtils.framework in Frameworks */,
				CF7F141A2F4EFF4600EEDF7A /* AppMetricaLog.framework in Frameworks */,
				CF7F14142F4EFF4600EEDF7A /* AppMetricaIdentifiers.framework in Frameworks */,
				CF7F14202F4EFF4600EEDF7A /* AppMetricaPlatform.framework in Frameworks */,
				CF7F14242F4EFF4600EEDF7A /* AppMetricaProtobufUtils.framework in Frameworks */,
				CF7F14122F4EFF4600EEDF7A /* AppMetricaHostState.framework in Frameworks */,
				CF7F143E2F4EFF4600EEDF7A /* VGSLUI.framework in Frameworks */,
				CF7F14182F4EFF4600EEDF7A /* AppMetricaLibraryAdapter.framework in Frameworks */,
				CF7F140E2F4EFF4600EEDF7A /* AppMetricaEncodingUtils.framework in Frameworks */,
				CF7F141E2F4EFF4600EEDF7A /* AppMetricaNetwork.framework in Frameworks */,
				CF7F14302F4EFF4600EEDF7A /* LayoutKit.framework in Frameworks */,
				CF7F14222F4EFF4600EEDF7A /* AppMetricaProtobuf.framework in Frameworks */,
			);
			runOnlyForDeploymentPostprocessing = 0;
		};
/* End PBXFrameworksBuildPhase section */

/* Begin PBXGroup section */
		09FCF28B0CB4F37A9ED4F531 /* Pods */ = {
			isa = PBXGroup;
			children = (
				7BEA08059C096864A6B66322 /* Pods-YandexMobileAdsProxy.debug.xcconfig */,
				C064A150BA5A1F558D6341EF /* Pods-YandexMobileAdsProxy.release.xcconfig */,
			);
			path = Pods;
			sourceTree = "<group>";
		};
		3E082312B02278DB6324EDC0 /* Frameworks */ = {
			isa = PBXGroup;
			children = (
				CF7F14412F4F2D8300EEDF7A /* AppMetricaCrashes.framework */,
				CF7F13E92F4EFF4600EEDF7A /* AppMetricaCore.framework */,
				CF7F13EA2F4EFF4600EEDF7A /* AppMetricaCoreExtension.framework */,
				CF7F13EB2F4EFF4600EEDF7A /* AppMetricaCoreUtils.framework */,
				CF7F13EC2F4EFF4600EEDF7A /* AppMetricaCrashes.framework */,
				CF7F13ED2F4EFF4600EEDF7A /* AppMetricaEncodingUtils.framework */,
				CF7F13EE2F4EFF4600EEDF7A /* AppMetricaFMDB.framework */,
				CF7F13EF2F4EFF4600EEDF7A /* AppMetricaHostState.framework */,
				CF7F13F02F4EFF4600EEDF7A /* AppMetricaIdentifiers.framework */,
				CF7F13F12F4EFF4600EEDF7A /* AppMetricaKeychain.framework */,
				CF7F13F22F4EFF4600EEDF7A /* AppMetricaLibraryAdapter.framework */,
				CF7F13F32F4EFF4600EEDF7A /* AppMetricaLog.framework */,
				CF7F13F42F4EFF4600EEDF7A /* AppMetricaLogSwift.framework */,
				CF7F13F52F4EFF4600EEDF7A /* AppMetricaNetwork.framework */,
				CF7F13F62F4EFF4600EEDF7A /* AppMetricaPlatform.framework */,
				CF7F13F72F4EFF4600EEDF7A /* AppMetricaProtobuf.framework */,
				CF7F13F82F4EFF4600EEDF7A /* AppMetricaProtobufUtils.framework */,
				CF7F13F92F4EFF4600EEDF7A /* AppMetricaStorageUtils.framework */,
				CF7F13FA2F4EFF4600EEDF7A /* AppMetricaSynchronization.framework */,
				CF7F13FB2F4EFF4600EEDF7A /* DivKit.framework */,
				CF7F13FC2F4EFF4600EEDF7A /* DivKitBinaryCompatibilityFacade.framework */,
				CF7F13FD2F4EFF4600EEDF7A /* KSCrash.framework */,
				CF7F13FE2F4EFF4600EEDF7A /* LayoutKit.framework */,
				CF7F13FF2F4EFF4600EEDF7A /* LayoutKitInterface.framework */,
				CF7F14002F4EFF4600EEDF7A /* Pods_YandexMobileAdsProxy.framework */,
				CF7F14012F4EFF4600EEDF7A /* Serialization.framework */,
				CF7F14022F4EFF4600EEDF7A /* VGSL.framework */,
				CF7F14032F4EFF4600EEDF7A /* VGSLFundamentals.framework */,
				CF7F14042F4EFF4600EEDF7A /* VGSLNetworking.framework */,
				CF7F14052F4EFF4600EEDF7A /* VGSLUI.framework */,
				A0D43B49FACA6EB5F62FE062 /* Pods_YandexMobileAdsProxy.framework */,
			);
			name = Frameworks;
			sourceTree = "<group>";
		};
		CFF8911B2DD4F2B600E55C85 = {
			isa = PBXGroup;
			children = (
				CF6A6ED32DEF092B009D9728 /* StickyBannerWrapper.swift */,
				CFD0E2CD2DDF14B1001BE13B /* InlineBannerWrapper.swift */,
				CFF891352DD4F37A00E55C85 /* MobileAdsWrapper.swift */,
				CFF891312DD4F2BD00E55C85 /* YandexMobileAdsProxy */,
				CFF891262DD4F2B600E55C85 /* Products */,
				09FCF28B0CB4F37A9ED4F531 /* Pods */,
				3E082312B02278DB6324EDC0 /* Frameworks */,
			);
			sourceTree = "<group>";
		};
		CFF891262DD4F2B600E55C85 /* Products */ = {
			isa = PBXGroup;
			children = (
				CFF891252DD4F2B600E55C85 /* YandexMobileAdsProxy.framework */,
			);
			name = Products;
			sourceTree = "<group>";
		};
		CFF891312DD4F2BD00E55C85 /* YandexMobileAdsProxy */ = {
			isa = PBXGroup;
			children = (
				CFF891302DD4F2BD00E55C85 /* YandexMobileAdsProxy.h */,
			);
			path = YandexMobileAdsProxy;
			sourceTree = "<group>";
		};
/* End PBXGroup section */

/* Begin PBXHeadersBuildPhase section */
		CFF891202DD4F2B600E55C85 /* Headers */ = {
			isa = PBXHeadersBuildPhase;
			buildActionMask = 2147483647;
			files = (
				CFF891322DD4F2BD00E55C85 /* YandexMobileAdsProxy.h in Headers */,
			);
			runOnlyForDeploymentPostprocessing = 0;
		};
/* End PBXHeadersBuildPhase section */

/* Begin PBXNativeTarget section */
		CFF891242DD4F2B600E55C85 /* YandexMobileAdsProxy */ = {
			isa = PBXNativeTarget;
			buildConfigurationList = CFF8912B2DD4F2B600E55C85 /* Build configuration list for PBXNativeTarget "YandexMobileAdsProxy" */;
			buildPhases = (
				FE78C09D155D17198BA2F7EE /* [CP] Check Pods Manifest.lock */,
				CFF891202DD4F2B600E55C85 /* Headers */,
				CFF891212DD4F2B600E55C85 /* Sources */,
				CFF891222DD4F2B600E55C85 /* Frameworks */,
				CFF891232DD4F2B600E55C85 /* Resources */,
				8827710E8D2B926D3B00603E /* [CP] Copy Pods Resources */,
			);
			buildRules = (
			);
			dependencies = (
			);
			name = YandexMobileAdsProxy;
			productName = YandexMobileAdsProxy;
			productReference = CFF891252DD4F2B600E55C85 /* YandexMobileAdsProxy.framework */;
			productType = "com.apple.product-type.framework";
		};
/* End PBXNativeTarget section */

/* Begin PBXProject section */
		CFF8911C2DD4F2B600E55C85 /* Project object */ = {
			isa = PBXProject;
			attributes = {
				BuildIndependentTargetsInParallel = 1;
				LastUpgradeCheck = 1620;
				TargetAttributes = {
					CFF891242DD4F2B600E55C85 = {
						CreatedOnToolsVersion = 16.2;
						LastSwiftMigration = 1620;
					};
				};
			};
			buildConfigurationList = CFF8911F2DD4F2B600E55C85 /* Build configuration list for PBXProject "YandexMobileAdsProxy" */;
			compatibilityVersion = "Xcode 14.0";
			developmentRegion = en;
			hasScannedForEncodings = 0;
			knownRegions = (
				en,
				Base,
			);
			mainGroup = CFF8911B2DD4F2B600E55C85;
			productRefGroup = CFF891262DD4F2B600E55C85 /* Products */;
			projectDirPath = "";
			projectRoot = "";
			targets = (
				CFF891242DD4F2B600E55C85 /* YandexMobileAdsProxy */,
			);
		};
/* End PBXProject section */

/* Begin PBXResourcesBuildPhase section */
		CFF891232DD4F2B600E55C85 /* Resources */ = {
			isa = PBXResourcesBuildPhase;
			buildActionMask = 2147483647;
			files = (
			);
			runOnlyForDeploymentPostprocessing = 0;
		};
/* End PBXResourcesBuildPhase section */

/* Begin PBXShellScriptBuildPhase section */
		8827710E8D2B926D3B00603E /* [CP] Copy Pods Resources */ = {
			isa = PBXShellScriptBuildPhase;
			buildActionMask = 2147483647;
			files = (
			);
			inputFileListPaths = (
				"${PODS_ROOT}/Target Support Files/Pods-YandexMobileAdsProxy/Pods-YandexMobileAdsProxy-resources-${CONFIGURATION}-input-files.xcfilelist",
			);
			name = "[CP] Copy Pods Resources";
			outputFileListPaths = (
				"${PODS_ROOT}/Target Support Files/Pods-YandexMobileAdsProxy/Pods-YandexMobileAdsProxy-resources-${CONFIGURATION}-output-files.xcfilelist",
			);
			runOnlyForDeploymentPostprocessing = 0;
			shellPath = /bin/sh;
			shellScript = "\"${PODS_ROOT}/Target Support Files/Pods-YandexMobileAdsProxy/Pods-YandexMobileAdsProxy-resources.sh\"\n";
			showEnvVarsInLog = 0;
		};
		FE78C09D155D17198BA2F7EE /* [CP] Check Pods Manifest.lock */ = {
			isa = PBXShellScriptBuildPhase;
			buildActionMask = 2147483647;
			files = (
			);
			inputFileListPaths = (
			);
			inputPaths = (
				"${PODS_PODFILE_DIR_PATH}/Podfile.lock",
				"${PODS_ROOT}/Manifest.lock",
			);
			name = "[CP] Check Pods Manifest.lock";
			outputFileListPaths = (
			);
			outputPaths = (
				"$(DERIVED_FILE_DIR)/Pods-YandexMobileAdsProxy-checkManifestLockResult.txt",
			);
			runOnlyForDeploymentPostprocessing = 0;
			shellPath = /bin/sh;
			shellScript = "diff \"${PODS_PODFILE_DIR_PATH}/Podfile.lock\" \"${PODS_ROOT}/Manifest.lock\" > /dev/null\nif [ $? != 0 ] ; then\n    # print error to STDERR\n    echo \"error: The sandbox is not in sync with the Podfile.lock. Run 'pod install' or update your CocoaPods installation.\" >&2\n    exit 1\nfi\n# This output is used by Xcode 'outputs' to avoid re-running this script phase.\necho \"SUCCESS\" > \"${SCRIPT_OUTPUT_FILE_0}\"\n";
			showEnvVarsInLog = 0;
		};
/* End PBXShellScriptBuildPhase section */

/* Begin PBXSourcesBuildPhase section */
		CFF891212DD4F2B600E55C85 /* Sources */ = {
			isa = PBXSourcesBuildPhase;
			buildActionMask = 2147483647;
			files = (
				CFF891362DD4F37A00E55C85 /* MobileAdsWrapper.swift in Sources */,
				CF6A6ED42DEF092B009D9728 /* StickyBannerWrapper.swift in Sources */,
				CFD0E2CE2DDF14B1001BE13B /* InlineBannerWrapper.swift in Sources */,
			);
			runOnlyForDeploymentPostprocessing = 0;
		};
/* End PBXSourcesBuildPhase section */

/* Begin XCBuildConfiguration section */
		CFF8912C2DD4F2B600E55C85 /* Debug */ = {
			isa = XCBuildConfiguration;
			baseConfigurationReference = 7BEA08059C096864A6B66322 /* Pods-YandexMobileAdsProxy.debug.xcconfig */;
			buildSettings = {
				BUILD_LIBRARY_FOR_DISTRIBUTION = YES;
				CLANG_ENABLE_MODULES = YES;
				CODE_SIGN_IDENTITY = "Apple Development";
				CODE_SIGN_STYLE = Automatic;
				CURRENT_PROJECT_VERSION = 1;
				DEFINES_MODULE = YES;
				DEVELOPMENT_TEAM = "";
				DYLIB_COMPATIBILITY_VERSION = 1;
				DYLIB_CURRENT_VERSION = 1;
				DYLIB_INSTALL_NAME_BASE = "@rpath";
				ENABLE_MODULE_VERIFIER = YES;
				ENABLE_USER_SCRIPT_SANDBOXING = NO;
				FRAMEWORK_SEARCH_PATHS = (
					"$(inherited)",
					"$(PROJECT_DIR)",
					"$(PROJECT_DIR)/Frameworks",
				);
				GENERATE_INFOPLIST_FILE = YES;
				INFOPLIST_KEY_NSHumanReadableCopyright = "";
				INSTALL_PATH = "$(LOCAL_LIBRARY_DIR)/Frameworks";
				IPHONEOS_DEPLOYMENT_TARGET = 13.0;
				LD_RUNPATH_SEARCH_PATHS = (
					"$(inherited)",
					"@executable_path/Frameworks",
					"@loader_path/Frameworks",
				);
				MACH_O_TYPE = mh_dylib;
				MARKETING_VERSION = 1.0;
				MODULE_VERIFIER_SUPPORTED_LANGUAGES = "objective-c objective-c++";
				MODULE_VERIFIER_SUPPORTED_LANGUAGE_STANDARDS = "gnu17 gnu++20";
				PRODUCT_BUNDLE_IDENTIFIER = serenity.YandexMobileAdsProxy;
				PRODUCT_NAME = "$(TARGET_NAME:c99extidentifier)";
				PROVISIONING_PROFILE_SPECIFIER = "";
				SKIP_INSTALL = YES;
				SUPPORTED_PLATFORMS = "iphoneos iphonesimulator";
				SUPPORTS_MACCATALYST = NO;
				SUPPORTS_MAC_DESIGNED_FOR_IPHONE_IPAD = NO;
				SUPPORTS_XR_DESIGNED_FOR_IPHONE_IPAD = NO;
				SWIFT_EMIT_LOC_STRINGS = YES;
				SWIFT_INSTALL_OBJC_HEADER = YES;
				SWIFT_OPTIMIZATION_LEVEL = "-Onone";
				SWIFT_VERSION = 5.0;
				TARGETED_DEVICE_FAMILY = 1;
			};
			name = Debug;
		};
		CFF8912D2DD4F2B600E55C85 /* Release */ = {
			isa = XCBuildConfiguration;
			baseConfigurationReference = C064A150BA5A1F558D6341EF /* Pods-YandexMobileAdsProxy.release.xcconfig */;
			buildSettings = {
				BUILD_LIBRARY_FOR_DISTRIBUTION = YES;
				CLANG_ENABLE_MODULES = YES;
				CODE_SIGN_IDENTITY = "Apple Development";
				CODE_SIGN_STYLE = Automatic;
				CURRENT_PROJECT_VERSION = 1;
				DEFINES_MODULE = YES;
				DEVELOPMENT_TEAM = "";
				DYLIB_COMPATIBILITY_VERSION = 1;
				DYLIB_CURRENT_VERSION = 1;
				DYLIB_INSTALL_NAME_BASE = "@rpath";
				ENABLE_MODULE_VERIFIER = YES;
				ENABLE_USER_SCRIPT_SANDBOXING = NO;
				FRAMEWORK_SEARCH_PATHS = (
					"$(inherited)",
					"$(PROJECT_DIR)",
					"$(PROJECT_DIR)/Frameworks",
				);
				GENERATE_INFOPLIST_FILE = YES;
				INFOPLIST_KEY_NSHumanReadableCopyright = "";
				INSTALL_PATH = "$(LOCAL_LIBRARY_DIR)/Frameworks";
				IPHONEOS_DEPLOYMENT_TARGET = 13.0;
				LD_RUNPATH_SEARCH_PATHS = (
					"$(inherited)",
					"@executable_path/Frameworks",
					"@loader_path/Frameworks",
				);
				MACH_O_TYPE = mh_dylib;
				MARKETING_VERSION = 1.0;
				MODULE_VERIFIER_SUPPORTED_LANGUAGES = "objective-c objective-c++";
				MODULE_VERIFIER_SUPPORTED_LANGUAGE_STANDARDS = "gnu17 gnu++20";
				PRODUCT_BUNDLE_IDENTIFIER = serenity.YandexMobileAdsProxy;
				PRODUCT_NAME = "$(TARGET_NAME:c99extidentifier)";
				PROVISIONING_PROFILE_SPECIFIER = "";
				SKIP_INSTALL = YES;
				SUPPORTED_PLATFORMS = "iphoneos iphonesimulator";
				SUPPORTS_MACCATALYST = NO;
				SUPPORTS_MAC_DESIGNED_FOR_IPHONE_IPAD = NO;
				SUPPORTS_XR_DESIGNED_FOR_IPHONE_IPAD = NO;
				SWIFT_EMIT_LOC_STRINGS = YES;
				SWIFT_INSTALL_OBJC_HEADER = YES;
				SWIFT_VERSION = 5.0;
				TARGETED_DEVICE_FAMILY = 1;
			};
			name = Release;
		};
		CFF8912E2DD4F2B600E55C85 /* Debug */ = {
			isa = XCBuildConfiguration;
			buildSettings = {
				ALWAYS_SEARCH_USER_PATHS = NO;
				ASSETCATALOG_COMPILER_GENERATE_SWIFT_ASSET_SYMBOL_EXTENSIONS = YES;
				CLANG_ANALYZER_NONNULL = YES;
				CLANG_ANALYZER_NUMBER_OBJECT_CONVERSION = YES_AGGRESSIVE;
				CLANG_CXX_LANGUAGE_STANDARD = "gnu++20";
				CLANG_ENABLE_MODULES = YES;
				CLANG_ENABLE_OBJC_ARC = YES;
				CLANG_ENABLE_OBJC_WEAK = YES;
				CLANG_WARN_BLOCK_CAPTURE_AUTORELEASING = YES;
				CLANG_WARN_BOOL_CONVERSION = YES;
				CLANG_WARN_COMMA = YES;
				CLANG_WARN_CONSTANT_CONVERSION = YES;
				CLANG_WARN_DEPRECATED_OBJC_IMPLEMENTATIONS = YES;
				CLANG_WARN_DIRECT_OBJC_ISA_USAGE = YES_ERROR;
				CLANG_WARN_DOCUMENTATION_COMMENTS = YES;
				CLANG_WARN_EMPTY_BODY = YES;
				CLANG_WARN_ENUM_CONVERSION = YES;
				CLANG_WARN_INFINITE_RECURSION = YES;
				CLANG_WARN_INT_CONVERSION = YES;
				CLANG_WARN_NON_LITERAL_NULL_CONVERSION = YES;
				CLANG_WARN_OBJC_IMPLICIT_RETAIN_SELF = YES;
				CLANG_WARN_OBJC_LITERAL_CONVERSION = YES;
				CLANG_WARN_OBJC_ROOT_CLASS = YES_ERROR;
				CLANG_WARN_QUOTED_INCLUDE_IN_FRAMEWORK_HEADER = YES;
				CLANG_WARN_RANGE_LOOP_ANALYSIS = YES;
				CLANG_WARN_STRICT_PROTOTYPES = YES;
				CLANG_WARN_SUSPICIOUS_MOVE = YES;
				CLANG_WARN_UNGUARDED_AVAILABILITY = YES_AGGRESSIVE;
				CLANG_WARN_UNREACHABLE_CODE = YES;
				CLANG_WARN__DUPLICATE_METHOD_MATCH = YES;
				COPY_PHASE_STRIP = NO;
				CURRENT_PROJECT_VERSION = 1;
				DEBUG_INFORMATION_FORMAT = dwarf;
				ENABLE_STRICT_OBJC_MSGSEND = YES;
				ENABLE_TESTABILITY = YES;
				ENABLE_USER_SCRIPT_SANDBOXING = YES;
				GCC_C_LANGUAGE_STANDARD = gnu17;
				GCC_DYNAMIC_NO_PIC = NO;
				GCC_NO_COMMON_BLOCKS = YES;
				GCC_OPTIMIZATION_LEVEL = 0;
				GCC_PREPROCESSOR_DEFINITIONS = (
					"DEBUG=1",
					"$(inherited)",
				);
				GCC_WARN_64_TO_32_BIT_CONVERSION = YES;
				GCC_WARN_ABOUT_RETURN_TYPE = YES_ERROR;
				GCC_WARN_UNDECLARED_SELECTOR = YES;
				GCC_WARN_UNINITIALIZED_AUTOS = YES_AGGRESSIVE;
				GCC_WARN_UNUSED_FUNCTION = YES;
				GCC_WARN_UNUSED_VARIABLE = YES;
				IPHONEOS_DEPLOYMENT_TARGET = 18.2;
				LOCALIZATION_PREFERS_STRING_CATALOGS = YES;
				MTL_ENABLE_DEBUG_INFO = INCLUDE_SOURCE;
				MTL_FAST_MATH = YES;
				ONLY_ACTIVE_ARCH = YES;
				SDKROOT = iphoneos;
				SWIFT_ACTIVE_COMPILATION_CONDITIONS = "DEBUG $(inherited)";
				SWIFT_OPTIMIZATION_LEVEL = "-Onone";
				VERSIONING_SYSTEM = "apple-generic";
				VERSION_INFO_PREFIX = "";
			};
			name = Debug;
		};
		CFF8912F2DD4F2B600E55C85 /* Release */ = {
			isa = XCBuildConfiguration;
			buildSettings = {
				ALWAYS_SEARCH_USER_PATHS = NO;
				ASSETCATALOG_COMPILER_GENERATE_SWIFT_ASSET_SYMBOL_EXTENSIONS = YES;
				CLANG_ANALYZER_NONNULL = YES;
				CLANG_ANALYZER_NUMBER_OBJECT_CONVERSION = YES_AGGRESSIVE;
				CLANG_CXX_LANGUAGE_STANDARD = "gnu++20";
				CLANG_ENABLE_MODULES = YES;
				CLANG_ENABLE_OBJC_ARC = YES;
				CLANG_ENABLE_OBJC_WEAK = YES;
				CLANG_WARN_BLOCK_CAPTURE_AUTORELEASING = YES;
				CLANG_WARN_BOOL_CONVERSION = YES;
				CLANG_WARN_COMMA = YES;
				CLANG_WARN_CONSTANT_CONVERSION = YES;
				CLANG_WARN_DEPRECATED_OBJC_IMPLEMENTATIONS = YES;
				CLANG_WARN_DIRECT_OBJC_ISA_USAGE = YES_ERROR;
				CLANG_WARN_DOCUMENTATION_COMMENTS = YES;
				CLANG_WARN_EMPTY_BODY = YES;
				CLANG_WARN_ENUM_CONVERSION = YES;
				CLANG_WARN_INFINITE_RECURSION = YES;
				CLANG_WARN_INT_CONVERSION = YES;
				CLANG_WARN_NON_LITERAL_NULL_CONVERSION = YES;
				CLANG_WARN_OBJC_IMPLICIT_RETAIN_SELF = YES;
				CLANG_WARN_OBJC_LITERAL_CONVERSION = YES;
				CLANG_WARN_OBJC_ROOT_CLASS = YES_ERROR;
				CLANG_WARN_QUOTED_INCLUDE_IN_FRAMEWORK_HEADER = YES;
				CLANG_WARN_RANGE_LOOP_ANALYSIS = YES;
				CLANG_WARN_STRICT_PROTOTYPES = YES;
				CLANG_WARN_SUSPICIOUS_MOVE = YES;
				CLANG_WARN_UNGUARDED_AVAILABILITY = YES_AGGRESSIVE;
				CLANG_WARN_UNREACHABLE_CODE = YES;
				CLANG_WARN__DUPLICATE_METHOD_MATCH = YES;
				COPY_PHASE_STRIP = NO;
				CURRENT_PROJECT_VERSION = 1;
				DEBUG_INFORMATION_FORMAT = "dwarf-with-dsym";
				ENABLE_NS_ASSERTIONS = NO;
				ENABLE_STRICT_OBJC_MSGSEND = YES;
				ENABLE_USER_SCRIPT_SANDBOXING = YES;
				GCC_C_LANGUAGE_STANDARD = gnu17;
				GCC_NO_COMMON_BLOCKS = YES;
				GCC_WARN_64_TO_32_BIT_CONVERSION = YES;
				GCC_WARN_ABOUT_RETURN_TYPE = YES_ERROR;
				GCC_WARN_UNDECLARED_SELECTOR = YES;
				GCC_WARN_UNINITIALIZED_AUTOS = YES_AGGRESSIVE;
				GCC_WARN_UNUSED_FUNCTION = YES;
				GCC_WARN_UNUSED_VARIABLE = YES;
				IPHONEOS_DEPLOYMENT_TARGET = 18.2;
				LOCALIZATION_PREFERS_STRING_CATALOGS = YES;
				MTL_ENABLE_DEBUG_INFO = NO;
				MTL_FAST_MATH = YES;
				SDKROOT = iphoneos;
				SWIFT_COMPILATION_MODE = wholemodule;
				VALIDATE_PRODUCT = YES;
				VERSIONING_SYSTEM = "apple-generic";
				VERSION_INFO_PREFIX = "";
			};
			name = Release;
		};
/* End XCBuildConfiguration section */

/* Begin XCConfigurationList section */
		CFF8911F2DD4F2B600E55C85 /* Build configuration list for PBXProject "YandexMobileAdsProxy" */ = {
			isa = XCConfigurationList;
			buildConfigurations = (
				CFF8912E2DD4F2B600E55C85 /* Debug */,
				CFF8912F2DD4F2B600E55C85 /* Release */,
			);
			defaultConfigurationIsVisible = 0;
			defaultConfigurationName = Release;
		};
		CFF8912B2DD4F2B600E55C85 /* Build configuration list for PBXNativeTarget "YandexMobileAdsProxy" */ = {
			isa = XCConfigurationList;
			buildConfigurations = (
				CFF8912C2DD4F2B600E55C85 /* Debug */,
				CFF8912D2DD4F2B600E55C85 /* Release */,
			);
			defaultConfigurationIsVisible = 0;
			defaultConfigurationName = Release;
		};
/* End XCConfigurationList section */
	};
	rootObject = CFF8911C2DD4F2B600E55C85 /* Project object */;
}
